
Microsoft Visual Studio Solution File, Format Version 12.00
# Visual Studio Version 17
VisualStudioVersion = 17.1.32210.238
MinimumVisualStudioVersion = 10.0.40219.1
Project("{FAE04EC0-301F-11D3-BF4B-00C04F79EFBC}") = "TsAdm.Dashboard", "TsAdm.Dashboard\TsAdm.Dashboard.csproj", "{460986A5-103D-4B0F-AC97-2974DB340F73}"
EndProject
Project("{FAE04EC0-301F-11D3-BF4B-00C04F79EFBC}") = "TsAdm.Repository", "TsAdm.Repository\TsAdm.Repository.csproj", "{D5AF25EC-E485-4D55-A1D5-428BE1AB22F2}"
EndProject
Project("{FAE04EC0-301F-11D3-BF4B-00C04F79EFBC}") = "TsAdm.Core", "TsAdm.Core\TsAdm.Core.csproj", "{A1B6FE47-5980-47E0-B109-AC0BDEEC40AD}"
EndProject
Project("{9A19103F-16F7-4668-BE54-9A1E7A4F7556}") = "Backend", "Backend\Backend.csproj", "{74D744B2-9C5E-4E47-8BA7-2BA2934C4EB1}"
EndProject
Global
	GlobalSection(SolutionConfigurationPlatforms) = preSolution
		Debug|Any CPU = Debug|Any CPU
		Release|Any CPU = Release|Any CPU
	EndGlobalSection
	GlobalSection(ProjectConfigurationPlatforms) = postSolution
		{460986A5-103D-4B0F-AC97-2974DB340F73}.Debug|Any CPU.ActiveCfg = Debug|Any CPU
		{460986A5-103D-4B0F-AC97-2974DB340F73}.Debug|Any CPU.Build.0 = Debug|Any CPU
		{460986A5-103D-4B0F-AC97-2974DB340F73}.Release|Any CPU.ActiveCfg = Release|Any CPU
		{460986A5-103D-4B0F-AC97-2974DB340F73}.Release|Any CPU.Build.0 = Release|Any CPU
		{D5AF25EC-E485-4D55-A1D5-428BE1AB22F2}.Debug|Any CPU.ActiveCfg = Debug|Any CPU
		{D5AF25EC-E485-4D55-A1D5-428BE1AB22F2}.Debug|Any CPU.Build.0 = Debug|Any CPU
		{D5AF25EC-E485-4D55-A1D5-428BE1AB22F2}.Release|Any CPU.ActiveCfg = Release|Any CPU
		{D5AF25EC-E485-4D55-A1D5-428BE1AB22F2}.Release|Any CPU.Build.0 = Release|Any CPU
		{A1B6FE47-5980-47E0-B109-AC0BDEEC40AD}.Debug|Any CPU.ActiveCfg = Debug|Any CPU
		{A1B6FE47-5980-47E0-B109-AC0BDEEC40AD}.Debug|Any CPU.Build.0 = Debug|Any CPU
		{A1B6FE47-5980-47E0-B109-AC0BDEEC40AD}.Release|Any CPU.ActiveCfg = Release|Any CPU
		{A1B6FE47-5980-47E0-B109-AC0BDEEC40AD}.Release|Any CPU.Build.0 = Release|Any CPU
		{74D744B2-9C5E-4E47-8BA7-2BA2934C4EB1}.Debug|Any CPU.ActiveCfg = Debug|Any CPU
		{74D744B2-9C5E-4E47-8BA7-2BA2934C4EB1}.Debug|Any CPU.Build.0 = Debug|Any CPU
		{74D744B2-9C5E-4E47-8BA7-2BA2934C4EB1}.Release|Any CPU.ActiveCfg = Release|Any CPU
		{74D744B2-9C5E-4E47-8BA7-2BA2934C4EB1}.Release|Any CPU.Build.0 = Release|Any CPU
	EndGlobalSection
	GlobalSection(SolutionProperties) = preSolution
		HideSolutionNode = FALSE
	EndGlobalSection
	GlobalSection(ExtensibilityGlobals) = postSolution
		SolutionGuid = {F8860A6A-F5D6-4A41-BA1A-8D905D8248A6}
	EndGlobalSection
EndGlobal
